// !$*UTF8*$!
{
	archiveVersion = 1;
	classes = {
	};
	objectVersion = 46;
	objects = {

/* Begin PBXBuildFile section */
		D301D8B22041EC0500A6B453 /* PCH_ProgressIndicatorWindow.swift in Sources */ = {isa = PBXBuildFile; fileRef = D301D8B02041EC0500A6B453 /* PCH_ProgressIndicatorWindow.swift */; };
		D301D8B32041EC0500A6B453 /* PCH_ProgressIndicatorWindow.xib in Resources */ = {isa = PBXBuildFile; fileRef = D301D8B12041EC0500A6B453 /* PCH_ProgressIndicatorWindow.xib */; };
		D30C14521DDB97B60046BC55 /* SourceDefinitionDlog.swift in Sources */ = {isa = PBXBuildFile; fileRef = D30C14501DDB97B60046BC55 /* SourceDefinitionDlog.swift */; };
		D30C14531DDB97B60046BC55 /* SourceDefinitionDlog.xib in Resources */ = {isa = PBXBuildFile; fileRef = D30C14511DDB97B60046BC55 /* SourceDefinitionDlog.xib */; };
		D30C14561DDBB6A60046BC55 /* ConnectionDlog.swift in Sources */ = {isa = PBXBuildFile; fileRef = D30C14541DDBB6A60046BC55 /* ConnectionDlog.swift */; };
		D30C14571DDBB6A60046BC55 /* ConnectionDlog.xib in Resources */ = {isa = PBXBuildFile; fileRef = D30C14551DDBB6A60046BC55 /* ConnectionDlog.xib */; };
		D30C14591DDBB79A0046BC55 /* ConnectionDlogView.swift in Sources */ = {isa = PBXBuildFile; fileRef = D30C14581DDBB79A0046BC55 /* ConnectionDlogView.swift */; };
		D32896961DC3888100984012 /* AxialSectionDlog.swift in Sources */ = {isa = PBXBuildFile; fileRef = D32896941DC3888100984012 /* AxialSectionDlog.swift */; };
		D32896971DC3888100984012 /* AxialSectionDlog.xib in Resources */ = {isa = PBXBuildFile; fileRef = D32896951DC3888100984012 /* AxialSectionDlog.xib */; };
		D340944E1DC14BA200F1658B /* AppDelegate.swift in Sources */ = {isa = PBXBuildFile; fileRef = D340944D1DC14BA200F1658B /* AppDelegate.swift */; };
		D34094501DC14BA200F1658B /* Assets.xcassets in Resources */ = {isa = PBXBuildFile; fileRef = D340944F1DC14BA200F1658B /* Assets.xcassets */; };
		D34094531DC14BA200F1658B /* MainMenu.xib in Resources */ = {isa = PBXBuildFile; fileRef = D34094511DC14BA200F1658B /* MainMenu.xib */; };
		D340947E1DC2761400F1658B /* PCH_Defs.swift in Sources */ = {isa = PBXBuildFile; fileRef = D340947C1DC2761400F1658B /* PCH_Defs.swift */; };
		D34094801DC2762600F1658B /* AppController.swift in Sources */ = {isa = PBXBuildFile; fileRef = D340947F1DC2762600F1658B /* AppController.swift */; };
		D34094851DC2855900F1658B /* CoreInputDlog.swift in Sources */ = {isa = PBXBuildFile; fileRef = D34094831DC2855900F1658B /* CoreInputDlog.swift */; };
		D34094861DC2855900F1658B /* CoreInputDlog.xib in Resources */ = {isa = PBXBuildFile; fileRef = D34094841DC2855900F1658B /* CoreInputDlog.xib */; };
		D34094881DC289FF00F1658B /* Core.swift in Sources */ = {isa = PBXBuildFile; fileRef = D34094871DC289FF00F1658B /* Core.swift */; };
		D340948A1DC28A7000F1658B /* Coil.swift in Sources */ = {isa = PBXBuildFile; fileRef = D34094891DC28A7000F1658B /* Coil.swift */; };
		D340948D1DC28F8600F1658B /* libgsl.a in Frameworks */ = {isa = PBXBuildFile; fileRef = D340948C1DC28F8600F1658B /* libgsl.a */; };
		D34094951DC2904F00F1658B /* PCH_BlueBookFunctions.swift in Sources */ = {isa = PBXBuildFile; fileRef = D34094911DC2904F00F1658B /* PCH_BlueBookFunctions.swift */; };
		D34094961DC2904F00F1658B /* PCH_DiskSection.swift in Sources */ = {isa = PBXBuildFile; fileRef = D34094921DC2904F00F1658B /* PCH_DiskSection.swift */; };
		D34094971DC2904F00F1658B /* PCH_Matrix.swift in Sources */ = {isa = PBXBuildFile; fileRef = D34094931DC2904F00F1658B /* PCH_Matrix.swift */; };
		D34094981DC2904F00F1658B /* PCH_SectionData.swift in Sources */ = {isa = PBXBuildFile; fileRef = D34094941DC2904F00F1658B /* PCH_SectionData.swift */; };
		D340949A1DC2926E00F1658B /* Phase.swift in Sources */ = {isa = PBXBuildFile; fileRef = D34094991DC2926E00F1658B /* Phase.swift */; };
		D37146911DC3D5FC00823F20 /* CoilDlog.swift in Sources */ = {isa = PBXBuildFile; fileRef = D371468F1DC3D5FC00823F20 /* CoilDlog.swift */; };
		D37146921DC3D5FC00823F20 /* CoilDlog.xib in Resources */ = {isa = PBXBuildFile; fileRef = D37146901DC3D5FC00823F20 /* CoilDlog.xib */; };
		D37146941DC9161600823F20 /* PCH_BlueBookModel.swift in Sources */ = {isa = PBXBuildFile; fileRef = D37146931DC9161600823F20 /* PCH_BlueBookModel.swift */; };
		D371469C1DC9284800823F20 /* PCH_Source.swift in Sources */ = {isa = PBXBuildFile; fileRef = D371469B1DC9284800823F20 /* PCH_Source.swift */; };
		D3B8CCBE20A0828D00102039 /* GlobalDefs.swift in Sources */ = {isa = PBXBuildFile; fileRef = D3B8CCBD20A0828D00102039 /* GlobalDefs.swift */; };
		D3F3010B1DCFCA530039B04A /* PCH_BlueBookModelOutput.swift in Sources */ = {isa = PBXBuildFile; fileRef = D3F3010A1DCFCA530039B04A /* PCH_BlueBookModelOutput.swift */; };
/* End PBXBuildFile section */

/* Begin PBXFileReference section */
		D301D8B02041EC0500A6B453 /* PCH_ProgressIndicatorWindow.swift */ = {isa = PBXFileReference; lastKnownFileType = sourcecode.swift; path = PCH_ProgressIndicatorWindow.swift; sourceTree = "<group>"; };
		D301D8B12041EC0500A6B453 /* PCH_ProgressIndicatorWindow.xib */ = {isa = PBXFileReference; lastKnownFileType = file.xib; path = PCH_ProgressIndicatorWindow.xib; sourceTree = "<group>"; };
		D30C14501DDB97B60046BC55 /* SourceDefinitionDlog.swift */ = {isa = PBXFileReference; fileEncoding = 4; lastKnownFileType = sourcecode.swift; path = SourceDefinitionDlog.swift; sourceTree = "<group>"; };
		D30C14511DDB97B60046BC55 /* SourceDefinitionDlog.xib */ = {isa = PBXFileReference; fileEncoding = 4; lastKnownFileType = file.xib; path = SourceDefinitionDlog.xib; sourceTree = "<group>"; };
		D30C14541DDBB6A60046BC55 /* ConnectionDlog.swift */ = {isa = PBXFileReference; fileEncoding = 4; lastKnownFileType = sourcecode.swift; path = ConnectionDlog.swift; sourceTree = "<group>"; };
		D30C14551DDBB6A60046BC55 /* ConnectionDlog.xib */ = {isa = PBXFileReference; fileEncoding = 4; lastKnownFileType = file.xib; path = ConnectionDlog.xib; sourceTree = "<group>"; };
		D30C14581DDBB79A0046BC55 /* ConnectionDlogView.swift */ = {isa = PBXFileReference; fileEncoding = 4; lastKnownFileType = sourcecode.swift; path = ConnectionDlogView.swift; sourceTree = "<group>"; };
		D32896941DC3888100984012 /* AxialSectionDlog.swift */ = {isa = PBXFileReference; fileEncoding = 4; lastKnownFileType = sourcecode.swift; path = AxialSectionDlog.swift; sourceTree = "<group>"; };
		D32896951DC3888100984012 /* AxialSectionDlog.xib */ = {isa = PBXFileReference; fileEncoding = 4; lastKnownFileType = file.xib; path = AxialSectionDlog.xib; sourceTree = "<group>"; };
		D340944A1DC14BA200F1658B /* ImpulseModeler.app */ = {isa = PBXFileReference; explicitFileType = wrapper.application; includeInIndex = 0; path = ImpulseModeler.app; sourceTree = BUILT_PRODUCTS_DIR; };
		D340944D1DC14BA200F1658B /* AppDelegate.swift */ = {isa = PBXFileReference; lastKnownFileType = sourcecode.swift; path = AppDelegate.swift; sourceTree = "<group>"; };
		D340944F1DC14BA200F1658B /* Assets.xcassets */ = {isa = PBXFileReference; lastKnownFileType = folder.assetcatalog; path = Assets.xcassets; sourceTree = "<group>"; };
		D34094521DC14BA200F1658B /* Base */ = {isa = PBXFileReference; lastKnownFileType = file.xib; name = Base; path = Base.lproj/MainMenu.xib; sourceTree = "<group>"; };
		D34094541DC14BA200F1658B /* Info.plist */ = {isa = PBXFileReference; lastKnownFileType = text.plist.xml; path = Info.plist; sourceTree = "<group>"; };
		D340947C1DC2761400F1658B /* PCH_Defs.swift */ = {isa = PBXFileReference; fileEncoding = 4; lastKnownFileType = sourcecode.swift; path = PCH_Defs.swift; sourceTree = "<group>"; };
		D340947F1DC2762600F1658B /* AppController.swift */ = {isa = PBXFileReference; fileEncoding = 4; lastKnownFileType = sourcecode.swift; path = AppController.swift; sourceTree = "<group>"; };
		D34094831DC2855900F1658B /* CoreInputDlog.swift */ = {isa = PBXFileReference; fileEncoding = 4; lastKnownFileType = sourcecode.swift; path = CoreInputDlog.swift; sourceTree = "<group>"; };
		D34094841DC2855900F1658B /* CoreInputDlog.xib */ = {isa = PBXFileReference; fileEncoding = 4; lastKnownFileType = file.xib; path = CoreInputDlog.xib; sourceTree = "<group>"; };
		D34094871DC289FF00F1658B /* Core.swift */ = {isa = PBXFileReference; fileEncoding = 4; lastKnownFileType = sourcecode.swift; path = Core.swift; sourceTree = "<group>"; };
		D34094891DC28A7000F1658B /* Coil.swift */ = {isa = PBXFileReference; fileEncoding = 4; lastKnownFileType = sourcecode.swift; path = Coil.swift; sourceTree = "<group>"; };
		D340948C1DC28F8600F1658B /* libgsl.a */ = {isa = PBXFileReference; lastKnownFileType = archive.ar; name = libgsl.a; path = ../GNU_Scientific_Library/lib/libgsl.a; sourceTree = "<group>"; };
		D340948E1DC2901A00F1658B /* ImpulseModeler-Bridging-Header.h */ = {isa = PBXFileReference; lastKnownFileType = sourcecode.c.h; path = "ImpulseModeler-Bridging-Header.h"; sourceTree = "<group>"; };
		D34094911DC2904F00F1658B /* PCH_BlueBookFunctions.swift */ = {isa = PBXFileReference; fileEncoding = 4; lastKnownFileType = sourcecode.swift; name = PCH_BlueBookFunctions.swift; path = ../../InductanceCalculator/InductanceCalculator/PCH_BlueBookFunctions.swift; sourceTree = "<group>"; };
		D34094921DC2904F00F1658B /* PCH_DiskSection.swift */ = {isa = PBXFileReference; fileEncoding = 4; lastKnownFileType = sourcecode.swift; name = PCH_DiskSection.swift; path = ../../InductanceCalculator/InductanceCalculator/PCH_DiskSection.swift; sourceTree = "<group>"; };
		D34094931DC2904F00F1658B /* PCH_Matrix.swift */ = {isa = PBXFileReference; fileEncoding = 4; lastKnownFileType = sourcecode.swift; name = PCH_Matrix.swift; path = ../../InductanceCalculator/InductanceCalculator/PCH_Matrix.swift; sourceTree = "<group>"; };
		D34094941DC2904F00F1658B /* PCH_SectionData.swift */ = {isa = PBXFileReference; fileEncoding = 4; lastKnownFileType = sourcecode.swift; name = PCH_SectionData.swift; path = ../../InductanceCalculator/InductanceCalculator/PCH_SectionData.swift; sourceTree = "<group>"; };
		D34094991DC2926E00F1658B /* Phase.swift */ = {isa = PBXFileReference; fileEncoding = 4; lastKnownFileType = sourcecode.swift; path = Phase.swift; sourceTree = "<group>"; };
		D371468F1DC3D5FC00823F20 /* CoilDlog.swift */ = {isa = PBXFileReference; fileEncoding = 4; lastKnownFileType = sourcecode.swift; path = CoilDlog.swift; sourceTree = "<group>"; };
		D37146901DC3D5FC00823F20 /* CoilDlog.xib */ = {isa = PBXFileReference; fileEncoding = 4; lastKnownFileType = file.xib; path = CoilDlog.xib; sourceTree = "<group>"; };
		D37146931DC9161600823F20 /* PCH_BlueBookModel.swift */ = {isa = PBXFileReference; fileEncoding = 4; lastKnownFileType = sourcecode.swift; path = PCH_BlueBookModel.swift; sourceTree = "<group>"; };
		D371469B1DC9284800823F20 /* PCH_Source.swift */ = {isa = PBXFileReference; fileEncoding = 4; lastKnownFileType = sourcecode.swift; path = PCH_Source.swift; sourceTree = "<group>"; };
		D3B8CCBD20A0828D00102039 /* GlobalDefs.swift */ = {isa = PBXFileReference; fileEncoding = 4; lastKnownFileType = sourcecode.swift; path = GlobalDefs.swift; sourceTree = "<group>"; };
		D3F3010A1DCFCA530039B04A /* PCH_BlueBookModelOutput.swift */ = {isa = PBXFileReference; fileEncoding = 4; lastKnownFileType = sourcecode.swift; path = PCH_BlueBookModelOutput.swift; sourceTree = "<group>"; };
/* End PBXFileReference section */

/* Begin PBXFrameworksBuildPhase section */
		D34094471DC14BA200F1658B /* Frameworks */ = {
			isa = PBXFrameworksBuildPhase;
			buildActionMask = 2147483647;
			files = (
				D340948D1DC28F8600F1658B /* libgsl.a in Frameworks */,
			);
			runOnlyForDeploymentPostprocessing = 0;
		};
/* End PBXFrameworksBuildPhase section */

/* Begin PBXGroup section */
		D34094411DC14BA200F1658B = {
			isa = PBXGroup;
			children = (
				D340944C1DC14BA200F1658B /* ImpulseModeler */,
				D340944B1DC14BA200F1658B /* Products */,
				D340948B1DC28F8600F1658B /* Frameworks */,
			);
			sourceTree = "<group>";
		};
		D340944B1DC14BA200F1658B /* Products */ = {
			isa = PBXGroup;
			children = (
				D340944A1DC14BA200F1658B /* ImpulseModeler.app */,
			);
			name = Products;
			sourceTree = "<group>";
		};
		D340944C1DC14BA200F1658B /* ImpulseModeler */ = {
			isa = PBXGroup;
			children = (
				D340944D1DC14BA200F1658B /* AppDelegate.swift */,
				D3B8CCBD20A0828D00102039 /* GlobalDefs.swift */,
				D340947C1DC2761400F1658B /* PCH_Defs.swift */,
				D340947F1DC2762600F1658B /* AppController.swift */,
				D301D8B02041EC0500A6B453 /* PCH_ProgressIndicatorWindow.swift */,
				D301D8B12041EC0500A6B453 /* PCH_ProgressIndicatorWindow.xib */,
				D37146931DC9161600823F20 /* PCH_BlueBookModel.swift */,
				D3F3010A1DCFCA530039B04A /* PCH_BlueBookModelOutput.swift */,
				D371469B1DC9284800823F20 /* PCH_Source.swift */,
				D34094871DC289FF00F1658B /* Core.swift */,
				D34094891DC28A7000F1658B /* Coil.swift */,
				D34094991DC2926E00F1658B /* Phase.swift */,
				D30C14541DDBB6A60046BC55 /* ConnectionDlog.swift */,
				D30C14551DDBB6A60046BC55 /* ConnectionDlog.xib */,
				D30C14581DDBB79A0046BC55 /* ConnectionDlogView.swift */,
				D30C14501DDB97B60046BC55 /* SourceDefinitionDlog.swift */,
				D30C14511DDB97B60046BC55 /* SourceDefinitionDlog.xib */,
				D34094831DC2855900F1658B /* CoreInputDlog.swift */,
				D34094841DC2855900F1658B /* CoreInputDlog.xib */,
				D371468F1DC3D5FC00823F20 /* CoilDlog.swift */,
				D37146901DC3D5FC00823F20 /* CoilDlog.xib */,
				D32896941DC3888100984012 /* AxialSectionDlog.swift */,
				D32896951DC3888100984012 /* AxialSectionDlog.xib */,
				D340944F1DC14BA200F1658B /* Assets.xcassets */,
				D34094511DC14BA200F1658B /* MainMenu.xib */,
				D34094541DC14BA200F1658B /* Info.plist */,
				D34094911DC2904F00F1658B /* PCH_BlueBookFunctions.swift */,
				D34094921DC2904F00F1658B /* PCH_DiskSection.swift */,
				D34094931DC2904F00F1658B /* PCH_Matrix.swift */,
				D34094941DC2904F00F1658B /* PCH_SectionData.swift */,
				D340948E1DC2901A00F1658B /* ImpulseModeler-Bridging-Header.h */,
			);
			path = ImpulseModeler;
			sourceTree = "<group>";
		};
		D340948B1DC28F8600F1658B /* Frameworks */ = {
			isa = PBXGroup;
			children = (
				D340948C1DC28F8600F1658B /* libgsl.a */,
			);
			name = Frameworks;
			sourceTree = "<group>";
		};
/* End PBXGroup section */

/* Begin PBXNativeTarget section */
		D34094491DC14BA200F1658B /* ImpulseModeler */ = {
			isa = PBXNativeTarget;
			buildConfigurationList = D34094571DC14BA200F1658B /* Build configuration list for PBXNativeTarget "ImpulseModeler" */;
			buildPhases = (
				D34094461DC14BA200F1658B /* Sources */,
				D34094471DC14BA200F1658B /* Frameworks */,
				D34094481DC14BA200F1658B /* Resources */,
			);
			buildRules = (
			);
			dependencies = (
			);
			name = ImpulseModeler;
			productName = ImpulseModeler;
			productReference = D340944A1DC14BA200F1658B /* ImpulseModeler.app */;
			productType = "com.apple.product-type.application";
		};
/* End PBXNativeTarget section */

/* Begin PBXProject section */
		D34094421DC14BA200F1658B /* Project object */ = {
			isa = PBXProject;
			attributes = {
				LastSwiftUpdateCheck = 0800;
				LastUpgradeCheck = 0930;
				ORGANIZATIONNAME = "Peter Huber";
				TargetAttributes = {
					D34094491DC14BA200F1658B = {
						CreatedOnToolsVersion = 8.0;
						LastSwiftMigration = 0900;
						ProvisioningStyle = Automatic;
					};
				};
			};
			buildConfigurationList = D34094451DC14BA200F1658B /* Build configuration list for PBXProject "ImpulseModeler" */;
			compatibilityVersion = "Xcode 3.2";
			developmentRegion = English;
			hasScannedForEncodings = 0;
			knownRegions = (
				en,
				Base,
			);
			mainGroup = D34094411DC14BA200F1658B;
			productRefGroup = D340944B1DC14BA200F1658B /* Products */;
			projectDirPath = "";
			projectRoot = "";
			targets = (
				D34094491DC14BA200F1658B /* ImpulseModeler */,
			);
		};
/* End PBXProject section */

/* Begin PBXResourcesBuildPhase section */
		D34094481DC14BA200F1658B /* Resources */ = {
			isa = PBXResourcesBuildPhase;
			buildActionMask = 2147483647;
			files = (
				D34094861DC2855900F1658B /* CoreInputDlog.xib in Resources */,
				D301D8B32041EC0500A6B453 /* PCH_ProgressIndicatorWindow.xib in Resources */,
				D30C14531DDB97B60046BC55 /* SourceDefinitionDlog.xib in Resources */,
				D30C14571DDBB6A60046BC55 /* ConnectionDlog.xib in Resources */,
				D34094501DC14BA200F1658B /* Assets.xcassets in Resources */,
				D34094531DC14BA200F1658B /* MainMenu.xib in Resources */,
				D32896971DC3888100984012 /* AxialSectionDlog.xib in Resources */,
				D37146921DC3D5FC00823F20 /* CoilDlog.xib in Resources */,
			);
			runOnlyForDeploymentPostprocessing = 0;
		};
/* End PBXResourcesBuildPhase section */

/* Begin PBXSourcesBuildPhase section */
		D34094461DC14BA200F1658B /* Sources */ = {
			isa = PBXSourcesBuildPhase;
			buildActionMask = 2147483647;
			files = (
				D30C14591DDBB79A0046BC55 /* ConnectionDlogView.swift in Sources */,
				D34094981DC2904F00F1658B /* PCH_SectionData.swift in Sources */,
				D37146941DC9161600823F20 /* PCH_BlueBookModel.swift in Sources */,
				D34094971DC2904F00F1658B /* PCH_Matrix.swift in Sources */,
				D30C14521DDB97B60046BC55 /* SourceDefinitionDlog.swift in Sources */,
				D34094961DC2904F00F1658B /* PCH_DiskSection.swift in Sources */,
				D34094881DC289FF00F1658B /* Core.swift in Sources */,
				D340947E1DC2761400F1658B /* PCH_Defs.swift in Sources */,
				D371469C1DC9284800823F20 /* PCH_Source.swift in Sources */,
				D34094851DC2855900F1658B /* CoreInputDlog.swift in Sources */,
				D3B8CCBE20A0828D00102039 /* GlobalDefs.swift in Sources */,
				D34094951DC2904F00F1658B /* PCH_BlueBookFunctions.swift in Sources */,
				D37146911DC3D5FC00823F20 /* CoilDlog.swift in Sources */,
				D301D8B22041EC0500A6B453 /* PCH_ProgressIndicatorWindow.swift in Sources */,
				D3F3010B1DCFCA530039B04A /* PCH_BlueBookModelOutput.swift in Sources */,
				D340944E1DC14BA200F1658B /* AppDelegate.swift in Sources */,
				D340948A1DC28A7000F1658B /* Coil.swift in Sources */,
				D34094801DC2762600F1658B /* AppController.swift in Sources */,
				D32896961DC3888100984012 /* AxialSectionDlog.swift in Sources */,
				D340949A1DC2926E00F1658B /* Phase.swift in Sources */,
				D30C14561DDBB6A60046BC55 /* ConnectionDlog.swift in Sources */,
			);
			runOnlyForDeploymentPostprocessing = 0;
		};
/* End PBXSourcesBuildPhase section */

/* Begin PBXVariantGroup section */
		D34094511DC14BA200F1658B /* MainMenu.xib */ = {
			isa = PBXVariantGroup;
			children = (
				D34094521DC14BA200F1658B /* Base */,
			);
			name = MainMenu.xib;
			sourceTree = "<group>";
		};
/* End PBXVariantGroup section */

/* Begin XCBuildConfiguration section */
		D34094551DC14BA200F1658B /* Debug */ = {
			isa = XCBuildConfiguration;
			buildSettings = {
				ALWAYS_SEARCH_USER_PATHS = NO;
				CLANG_ANALYZER_NONNULL = YES;
				CLANG_CXX_LANGUAGE_STANDARD = "gnu++0x";
				CLANG_CXX_LIBRARY = "libc++";
				CLANG_ENABLE_MODULES = YES;
				CLANG_ENABLE_OBJC_ARC = YES;
				CLANG_WARN_BLOCK_CAPTURE_AUTORELEASING = YES;
				CLANG_WARN_BOOL_CONVERSION = YES;
				CLANG_WARN_COMMA = YES;
				CLANG_WARN_CONSTANT_CONVERSION = YES;
				CLANG_WARN_DEPRECATED_OBJC_IMPLEMENTATIONS = YES;
				CLANG_WARN_DIRECT_OBJC_ISA_USAGE = YES_ERROR;
				CLANG_WARN_DOCUMENTATION_COMMENTS = YES;
				CLANG_WARN_EMPTY_BODY = YES;
				CLANG_WARN_ENUM_CONVERSION = YES;
				CLANG_WARN_INFINITE_RECURSION = YES;
				CLANG_WARN_INT_CONVERSION = YES;
				CLANG_WARN_NON_LITERAL_NULL_CONVERSION = YES;
				CLANG_WARN_OBJC_IMPLICIT_RETAIN_SELF = YES;
				CLANG_WARN_OBJC_LITERAL_CONVERSION = YES;
				CLANG_WARN_OBJC_ROOT_CLASS = YES_ERROR;
				CLANG_WARN_RANGE_LOOP_ANALYSIS = YES;
				CLANG_WARN_STRICT_PROTOTYPES = YES;
				CLANG_WARN_SUSPICIOUS_MOVE = YES;
				CLANG_WARN_SUSPICIOUS_MOVES = YES;
				CLANG_WARN_UNREACHABLE_CODE = YES;
				CLANG_WARN__DUPLICATE_METHOD_MATCH = YES;
				CODE_SIGN_IDENTITY = "-";
				COPY_PHASE_STRIP = NO;
				DEBUG_INFORMATION_FORMAT = dwarf;
				ENABLE_STRICT_OBJC_MSGSEND = YES;
				ENABLE_TESTABILITY = YES;
				GCC_C_LANGUAGE_STANDARD = gnu99;
				GCC_DYNAMIC_NO_PIC = NO;
				GCC_NO_COMMON_BLOCKS = YES;
				GCC_OPTIMIZATION_LEVEL = 0;
				GCC_PREPROCESSOR_DEFINITIONS = (
					"DEBUG=1",
					"$(inherited)",
				);
				GCC_WARN_64_TO_32_BIT_CONVERSION = YES;
				GCC_WARN_ABOUT_RETURN_TYPE = YES_ERROR;
				GCC_WARN_UNDECLARED_SELECTOR = YES;
				GCC_WARN_UNINITIALIZED_AUTOS = YES_AGGRESSIVE;
				GCC_WARN_UNUSED_FUNCTION = YES;
				GCC_WARN_UNUSED_VARIABLE = YES;
				MACOSX_DEPLOYMENT_TARGET = 10.12;
				MTL_ENABLE_DEBUG_INFO = YES;
				ONLY_ACTIVE_ARCH = YES;
				SDKROOT = macosx;
				SWIFT_ACTIVE_COMPILATION_CONDITIONS = DEBUG;
				SWIFT_OPTIMIZATION_LEVEL = "-Onone";
				SWIFT_VERSION = 3.0.1;
			};
			name = Debug;
		};
		D34094561DC14BA200F1658B /* Release */ = {
			isa = XCBuildConfiguration;
			buildSettings = {
				ALWAYS_SEARCH_USER_PATHS = NO;
				CLANG_ANALYZER_NONNULL = YES;
				CLANG_CXX_LANGUAGE_STANDARD = "gnu++0x";
				CLANG_CXX_LIBRARY = "libc++";
				CLANG_ENABLE_MODULES = YES;
				CLANG_ENABLE_OBJC_ARC = YES;
				CLANG_WARN_BLOCK_CAPTURE_AUTORELEASING = YES;
				CLANG_WARN_BOOL_CONVERSION = YES;
				CLANG_WARN_COMMA = YES;
				CLANG_WARN_CONSTANT_CONVERSION = YES;
				CLANG_WARN_DEPRECATED_OBJC_IMPLEMENTATIONS = YES;
				CLANG_WARN_DIRECT_OBJC_ISA_USAGE = YES_ERROR;
				CLANG_WARN_DOCUMENTATION_COMMENTS = YES;
				CLANG_WARN_EMPTY_BODY = YES;
				CLANG_WARN_ENUM_CONVERSION = YES;
				CLANG_WARN_INFINITE_RECURSION = YES;
				CLANG_WARN_INT_CONVERSION = YES;
				CLANG_WARN_NON_LITERAL_NULL_CONVERSION = YES;
				CLANG_WARN_OBJC_IMPLICIT_RETAIN_SELF = YES;
				CLANG_WARN_OBJC_LITERAL_CONVERSION = YES;
				CLANG_WARN_OBJC_ROOT_CLASS = YES_ERROR;
				CLANG_WARN_RANGE_LOOP_ANALYSIS = YES;
				CLANG_WARN_STRICT_PROTOTYPES = YES;
				CLANG_WARN_SUSPICIOUS_MOVE = YES;
				CLANG_WARN_SUSPICIOUS_MOVES = YES;
				CLANG_WARN_UNREACHABLE_CODE = YES;
				CLANG_WARN__DUPLICATE_METHOD_MATCH = YES;
				CODE_SIGN_IDENTITY = "-";
				COPY_PHASE_STRIP = NO;
				DEBUG_INFORMATION_FORMAT = "dwarf-with-dsym";
				ENABLE_NS_ASSERTIONS = NO;
				ENABLE_STRICT_OBJC_MSGSEND = YES;
				GCC_C_LANGUAGE_STANDARD = gnu99;
				GCC_NO_COMMON_BLOCKS = YES;
				GCC_WARN_64_TO_32_BIT_CONVERSION = YES;
				GCC_WARN_ABOUT_RETURN_TYPE = YES_ERROR;
				GCC_WARN_UNDECLARED_SELECTOR = YES;
				GCC_WARN_UNINITIALIZED_AUTOS = YES_AGGRESSIVE;
				GCC_WARN_UNUSED_FUNCTION = YES;
				GCC_WARN_UNUSED_VARIABLE = YES;
				MACOSX_DEPLOYMENT_TARGET = 10.12;
				MTL_ENABLE_DEBUG_INFO = NO;
				SDKROOT = macosx;
				SWIFT_OPTIMIZATION_LEVEL = "-Owholemodule";
				SWIFT_VERSION = 3.0.1;
			};
			name = Release;
		};
		D34094581DC14BA200F1658B /* Debug */ = {
			isa = XCBuildConfiguration;
			buildSettings = {
				ASSETCATALOG_COMPILER_APPICON_NAME = AppIcon;
				CLANG_ENABLE_MODULES = YES;
				COMBINE_HIDPI_IMAGES = YES;
				HEADER_SEARCH_PATHS = (
					"\"$(SRCROOT)/../GNU_Scientific_Library/include\"",
					/Users/peterhub/Documents/MyProjects/GNU_Scientific_Library/include,
				);
				INFOPLIST_FILE = ImpulseModeler/Info.plist;
				LD_RUNPATH_SEARCH_PATHS = "$(inherited) @executable_path/../Frameworks";
				LIBRARY_SEARCH_PATHS = (
					"\"$(SRCROOT)/../GNU_Scientific_Library/lib\"",
					/Users/peterhub/Documents/MyProjects/GNU_Scientific_Library/lib,
				);
				PRODUCT_BUNDLE_IDENTIFIER = "com.huberis-tech.ImpulseModeler";
				PRODUCT_NAME = "$(TARGET_NAME)";
				SWIFT_OBJC_BRIDGING_HEADER = "ImpulseModeler/ImpulseModeler-Bridging-Header.h";
				SWIFT_OPTIMIZATION_LEVEL = "-Onone";
				SWIFT_SWIFT3_OBJC_INFERENCE = Default;
				SWIFT_VERSION = 4.0;
			};
			name = Debug;
		};
		D34094591DC14BA200F1658B /* Release */ = {
			isa = XCBuildConfiguration;
			buildSettings = {
				ASSETCATALOG_COMPILER_APPICON_NAME = AppIcon;
				CLANG_ENABLE_MODULES = YES;
				COMBINE_HIDPI_IMAGES = YES;
				HEADER_SEARCH_PATHS = (
					"\"$(SRCROOT)/../GNU_Scientific_Library/include\"",
					/Users/peterhub/Documents/MyProjects/GNU_Scientific_Library/include,
				);
				INFOPLIST_FILE = ImpulseModeler/Info.plist;
				LD_RUNPATH_SEARCH_PATHS = "$(inherited) @executable_path/../Frameworks";
				LIBRARY_SEARCH_PATHS = (
					"\"$(SRCROOT)/../GNU_Scientific_Library/lib\"",
					/Users/peterhub/Documents/MyProjects/GNU_Scientific_Library/lib,
				);
				PRODUCT_BUNDLE_IDENTIFIER = "com.huberis-tech.ImpulseModeler";
				PRODUCT_NAME = "$(TARGET_NAME)";
				SWIFT_OBJC_BRIDGING_HEADER = "ImpulseModeler/ImpulseModeler-Bridging-Header.h";
				SWIFT_SWIFT3_OBJC_INFERENCE = Default;
				SWIFT_VERSION = 4.0;
			};
			name = Release;
		};
/* End XCBuildConfiguration section */

/* Begin XCConfigurationList section */
		D34094451DC14BA200F1658B /* Build configuration list for PBXProject "ImpulseModeler" */ = {
			isa = XCConfigurationList;
			buildConfigurations = (
				D34094551DC14BA200F1658B /* Debug */,
				D34094561DC14BA200F1658B /* Release */,
			);
			defaultConfigurationIsVisible = 0;
			defaultConfigurationName = Release;
		};
		D34094571DC14BA200F1658B /* Build configuration list for PBXNativeTarget "ImpulseModeler" */ = {
			isa = XCConfigurationList;
			buildConfigurations = (
				D34094581DC14BA200F1658B /* Debug */,
				D34094591DC14BA200F1658B /* Release */,
			);
			defaultConfigurationIsVisible = 0;
			defaultConfigurationName = Release;
		};
/* End XCConfigurationList section */
	};
	rootObject = D34094421DC14BA200F1658B /* Project object */;
}
